FORGE
  remote: https://forgeapi.puppetlabs.com
  specs:
    puppetlabs-apt (1.7.0)
      puppetlabs-stdlib (>= 2.2.1)
    puppetlabs-concat (1.1.2)
      puppetlabs-stdlib (< 5.0.0, >= 3.2.0)
    puppetlabs-firewall (1.4.0)
    puppetlabs-inifile (1.2.0)
    puppetlabs-postgresql (4.1.0)
      puppetlabs-apt (< 2.0.0, >= 1.1.0)
      puppetlabs-concat (< 2.0.0, >= 1.1.0)
      puppetlabs-stdlib (~> 4.0)
    puppetlabs-puppetdb (4.0.0)
      puppetlabs-firewall (< 2.0.0, >= 1.1.3)
      puppetlabs-inifile (< 2.0.0, >= 1.1.3)
      puppetlabs-postgresql (< 5.0.0, >= 4.0.0)
      puppetlabs-stdlib (< 5.0.0, >= 4.2.2)
    puppetlabs-stdlib (4.5.1)

GIT
  remote: https://github.com/benjamink/puppet-hiera.git
  ref: master
  sha: 05f0b0461edbfe5831cb83f7657ed5c4d7c26e1d
  specs:
    hunner-hiera (1.1.0)

GIT
  remote: https://github.com/iverberk/puppet-infra.git
  ref: master
  sha: cf4f9a6d4e9843bac257be6f171f58593f75d1eb
  specs:
    iverberk-puppet-infra (0.1.0)
      puppetlabs-stdlib (>= 1.0.0)

DEPENDENCIES
  hunner-hiera (>= 0)
  iverberk-puppet-infra (>= 0)
  puppetlabs-puppetdb (= 4.0.0)

